hash: ab6ec0d9b0d9b1f17df9f308c014f6417b2d7b3c7de71452c92df69c75e40220
updated: 2019-09-10T10:55:25.659773-05:00
imports:
- name: github.com/joho/godotenv
  version: 23d116af351c84513e1946b527c88823e476be13
  subpackages:
  - autoload
- name: go.uber.org/atomic
  version: df976f2515e274675050de7b3f42545de80594fd
- name: go.uber.org/dig
  version: 7ff117f761a3f1b3eb521945c17a1091438eb6de
  subpackages:
  - internal/digreflect
  - internal/dot
- name: go.uber.org/fx
  version: 3de044da969b90ad0a3e4a7867a74662f645f3f9
  subpackages:
  - internal/fxlog
  - internal/fxreflect
  - internal/lifecycle
- name: go.uber.org/multierr
  version: 3c4937480c32f4c13a875a1829af76c98ca3d40a
testImports: []
